
Microsoft Visual Studio Solution File, Format Version 12.00
# Visual Studio Version 16
VisualStudioVersion = 16.0.29209.62
MinimumVisualStudioVersion = 10.0.40219.1
Project("{FAE04EC0-301F-11D3-BF4B-00C04F79EFBC}") = "Semana04", "Semana04\Semana04.csproj", "{0A7062AD-3BBF-4905-ACFD-D00563BD61D4}"
EndProject
Project("{FAE04EC0-301F-11D3-BF4B-00C04F79EFBC}") = "Business", "Business\Business.csproj", "{817CD950-5DF1-45A6-9E28-C5F9205DA9C8}"
EndProject
Project("{FAE04EC0-301F-11D3-BF4B-00C04F79EFBC}") = "Entity", "Entity\Entity.csproj", "{A4C97898-9611-46C5-A057-3A1975370C08}"
EndProject
Project("{FAE04EC0-301F-11D3-BF4B-00C04F79EFBC}") = "Data", "Data\Data.csproj", "{635697A9-1896-41B6-BEC2-6544653B7BCA}"
EndProject
Global
	GlobalSection(SolutionConfigurationPlatforms) = preSolution
		Debug|Any CPU = Debug|Any CPU
		Release|Any CPU = Release|Any CPU
	EndGlobalSection
	GlobalSection(ProjectConfigurationPlatforms) = postSolution
		{0A7062AD-3BBF-4905-ACFD-D00563BD61D4}.Debug|Any CPU.ActiveCfg = Debug|Any CPU
		{0A7062AD-3BBF-4905-ACFD-D00563BD61D4}.Debug|Any CPU.Build.0 = Debug|Any CPU
		{0A7062AD-3BBF-4905-ACFD-D00563BD61D4}.Release|Any CPU.ActiveCfg = Release|Any CPU
		{0A7062AD-3BBF-4905-ACFD-D00563BD61D4}.Release|Any CPU.Build.0 = Release|Any CPU
		{817CD950-5DF1-45A6-9E28-C5F9205DA9C8}.Debug|Any CPU.ActiveCfg = Debug|Any CPU
		{817CD950-5DF1-45A6-9E28-C5F9205DA9C8}.Debug|Any CPU.Build.0 = Debug|Any CPU
		{817CD950-5DF1-45A6-9E28-C5F9205DA9C8}.Release|Any CPU.ActiveCfg = Release|Any CPU
		{817CD950-5DF1-45A6-9E28-C5F9205DA9C8}.Release|Any CPU.Build.0 = Release|Any CPU
		{A4C97898-9611-46C5-A057-3A1975370C08}.Debug|Any CPU.ActiveCfg = Debug|Any CPU
		{A4C97898-9611-46C5-A057-3A1975370C08}.Debug|Any CPU.Build.0 = Debug|Any CPU
		{A4C97898-9611-46C5-A057-3A1975370C08}.Release|Any CPU.ActiveCfg = Release|Any CPU
		{A4C97898-9611-46C5-A057-3A1975370C08}.Release|Any CPU.Build.0 = Release|Any CPU
		{635697A9-1896-41B6-BEC2-6544653B7BCA}.Debug|Any CPU.ActiveCfg = Debug|Any CPU
		{635697A9-1896-41B6-BEC2-6544653B7BCA}.Debug|Any CPU.Build.0 = Debug|Any CPU
		{635697A9-1896-41B6-BEC2-6544653B7BCA}.Release|Any CPU.ActiveCfg = Release|Any CPU
		{635697A9-1896-41B6-BEC2-6544653B7BCA}.Release|Any CPU.Build.0 = Release|Any CPU
	EndGlobalSection
	GlobalSection(SolutionProperties) = preSolution
		HideSolutionNode = FALSE
	EndGlobalSection
	GlobalSection(ExtensibilityGlobals) = postSolution
		SolutionGuid = {35BE9C97-AE62-4477-AA5A-2BFC360D4E56}
	EndGlobalSection
EndGlobal
